
Microsoft Visual Studio Solution File, Format Version 12.00
# Visual Studio 2013
VisualStudioVersion = 12.0.21005.1
MinimumVisualStudioVersion = 10.0.40219.1
Project("{FAE04EC0-301F-11D3-BF4B-00C04F79EFBC}") = "DraftDocument", "DraftDocument\DraftDocument.csproj", "{D81A9A99-A60B-4C99-99FE-45B5AB0B871F}"
EndProject
Project("{FAE04EC0-301F-11D3-BF4B-00C04F79EFBC}") = "DraftDocument.Demo", "DraftDocument.Demo\DraftDocument.Demo.csproj", "{F0843A30-814C-4BFE-980B-A78E094CE35C}"
EndProject
Global
	GlobalSection(SolutionConfigurationPlatforms) = preSolution
		Debug|Any CPU = Debug|Any CPU
		Release|Any CPU = Release|Any CPU
	EndGlobalSection
	GlobalSection(ProjectConfigurationPlatforms) = postSolution
		{D81A9A99-A60B-4C99-99FE-45B5AB0B871F}.Debug|Any CPU.ActiveCfg = Debug|Any CPU
		{D81A9A99-A60B-4C99-99FE-45B5AB0B871F}.Debug|Any CPU.Build.0 = Debug|Any CPU
		{D81A9A99-A60B-4C99-99FE-45B5AB0B871F}.Release|Any CPU.ActiveCfg = Release|Any CPU
		{D81A9A99-A60B-4C99-99FE-45B5AB0B871F}.Release|Any CPU.Build.0 = Release|Any CPU
		{F0843A30-814C-4BFE-980B-A78E094CE35C}.Debug|Any CPU.ActiveCfg = Debug|Any CPU
		{F0843A30-814C-4BFE-980B-A78E094CE35C}.Debug|Any CPU.Build.0 = Debug|Any CPU
		{F0843A30-814C-4BFE-980B-A78E094CE35C}.Release|Any CPU.ActiveCfg = Release|Any CPU
		{F0843A30-814C-4BFE-980B-A78E094CE35C}.Release|Any CPU.Build.0 = Release|Any CPU
	EndGlobalSection
	GlobalSection(SolutionProperties) = preSolution
		HideSolutionNode = FALSE
	EndGlobalSection
EndGlobal
